
Microsoft Visual Studio Solution File, Format Version 12.00
# Visual Studio Version 16
Project("{8BC9CEB8-8B4A-11D0-8D11-00A0C91BC942}") = "ALL_BUILD", "ALL_BUILD.vcxproj", "{7BF9DE5F-D14D-3A84-A703-421D5E5495BB}"
	ProjectSection(ProjectDependencies) = postProject
		{B4358138-CE3C-349B-8881-6247EB979821} = {B4358138-CE3C-349B-8881-6247EB979821}
		{1D267279-41E1-3770-93F6-E4ECDA2E0131} = {1D267279-41E1-3770-93F6-E4ECDA2E0131}
	EndProjectSection
EndProject
Project("{8BC9CEB8-8B4A-11D0-8D11-00A0C91BC942}") = "AnOpenRGBWallpaperPlugin", "AnOpenRGBWallpaperPlugin.vcxproj", "{B4358138-CE3C-349B-8881-6247EB979821}"
	ProjectSection(ProjectDependencies) = postProject
		{E1834DDA-77F1-37AA-BEA1-60F62AF24DD9} = {E1834DDA-77F1-37AA-BEA1-60F62AF24DD9}
		{1D267279-41E1-3770-93F6-E4ECDA2E0131} = {1D267279-41E1-3770-93F6-E4ECDA2E0131}
	EndProjectSection
EndProject
Project("{8BC9CEB8-8B4A-11D0-8D11-00A0C91BC942}") = "AnOpenRGBWallpaperPlugin_autogen", "AnOpenRGBWallpaperPlugin_autogen.vcxproj", "{E1834DDA-77F1-37AA-BEA1-60F62AF24DD9}"
	ProjectSection(ProjectDependencies) = postProject
		{E93D32ED-3ED3-3F5B-8D36-154E7D84380B} = {E93D32ED-3ED3-3F5B-8D36-154E7D84380B}
		{1D267279-41E1-3770-93F6-E4ECDA2E0131} = {1D267279-41E1-3770-93F6-E4ECDA2E0131}
	EndProjectSection
EndProject
Project("{8BC9CEB8-8B4A-11D0-8D11-00A0C91BC942}") = "AnOpenRGBWallpaperPlugin_autogen_timestamp_deps", "AnOpenRGBWallpaperPlugin_autogen_timestamp_deps.vcxproj", "{E93D32ED-3ED3-3F5B-8D36-154E7D84380B}"
	ProjectSection(ProjectDependencies) = postProject
		{1D267279-41E1-3770-93F6-E4ECDA2E0131} = {1D267279-41E1-3770-93F6-E4ECDA2E0131}
	EndProjectSection
EndProject
Project("{8BC9CEB8-8B4A-11D0-8D11-00A0C91BC942}") = "ZERO_CHECK", "ZERO_CHECK.vcxproj", "{1D267279-41E1-3770-93F6-E4ECDA2E0131}"
	ProjectSection(ProjectDependencies) = postProject
	EndProjectSection
EndProject
Global
	GlobalSection(SolutionConfigurationPlatforms) = preSolution
		Debug|x64 = Debug|x64
		Release|x64 = Release|x64
		MinSizeRel|x64 = MinSizeRel|x64
		RelWithDebInfo|x64 = RelWithDebInfo|x64
	EndGlobalSection
	GlobalSection(ProjectConfigurationPlatforms) = postSolution
		{7BF9DE5F-D14D-3A84-A703-421D5E5495BB}.Debug|x64.ActiveCfg = Debug|x64
		{7BF9DE5F-D14D-3A84-A703-421D5E5495BB}.Release|x64.ActiveCfg = Release|x64
		{7BF9DE5F-D14D-3A84-A703-421D5E5495BB}.MinSizeRel|x64.ActiveCfg = MinSizeRel|x64
		{7BF9DE5F-D14D-3A84-A703-421D5E5495BB}.RelWithDebInfo|x64.ActiveCfg = RelWithDebInfo|x64
		{B4358138-CE3C-349B-8881-6247EB979821}.Debug|x64.ActiveCfg = Debug|x64
		{B4358138-CE3C-349B-8881-6247EB979821}.Debug|x64.Build.0 = Debug|x64
		{B4358138-CE3C-349B-8881-6247EB979821}.Release|x64.ActiveCfg = Release|x64
		{B4358138-CE3C-349B-8881-6247EB979821}.Release|x64.Build.0 = Release|x64
		{B4358138-CE3C-349B-8881-6247EB979821}.MinSizeRel|x64.ActiveCfg = MinSizeRel|x64
		{B4358138-CE3C-349B-8881-6247EB979821}.MinSizeRel|x64.Build.0 = MinSizeRel|x64
		{B4358138-CE3C-349B-8881-6247EB979821}.RelWithDebInfo|x64.ActiveCfg = RelWithDebInfo|x64
		{B4358138-CE3C-349B-8881-6247EB979821}.RelWithDebInfo|x64.Build.0 = RelWithDebInfo|x64
		{E1834DDA-77F1-37AA-BEA1-60F62AF24DD9}.Debug|x64.ActiveCfg = Debug|x64
		{E1834DDA-77F1-37AA-BEA1-60F62AF24DD9}.Debug|x64.Build.0 = Debug|x64
		{E1834DDA-77F1-37AA-BEA1-60F62AF24DD9}.Release|x64.ActiveCfg = Release|x64
		{E1834DDA-77F1-37AA-BEA1-60F62AF24DD9}.Release|x64.Build.0 = Release|x64
		{E1834DDA-77F1-37AA-BEA1-60F62AF24DD9}.MinSizeRel|x64.ActiveCfg = MinSizeRel|x64
		{E1834DDA-77F1-37AA-BEA1-60F62AF24DD9}.MinSizeRel|x64.Build.0 = MinSizeRel|x64
		{E1834DDA-77F1-37AA-BEA1-60F62AF24DD9}.RelWithDebInfo|x64.ActiveCfg = RelWithDebInfo|x64
		{E1834DDA-77F1-37AA-BEA1-60F62AF24DD9}.RelWithDebInfo|x64.Build.0 = RelWithDebInfo|x64
		{E93D32ED-3ED3-3F5B-8D36-154E7D84380B}.Debug|x64.ActiveCfg = Debug|x64
		{E93D32ED-3ED3-3F5B-8D36-154E7D84380B}.Debug|x64.Build.0 = Debug|x64
		{E93D32ED-3ED3-3F5B-8D36-154E7D84380B}.Release|x64.ActiveCfg = Release|x64
		{E93D32ED-3ED3-3F5B-8D36-154E7D84380B}.Release|x64.Build.0 = Release|x64
		{E93D32ED-3ED3-3F5B-8D36-154E7D84380B}.MinSizeRel|x64.ActiveCfg = MinSizeRel|x64
		{E93D32ED-3ED3-3F5B-8D36-154E7D84380B}.MinSizeRel|x64.Build.0 = MinSizeRel|x64
		{E93D32ED-3ED3-3F5B-8D36-154E7D84380B}.RelWithDebInfo|x64.ActiveCfg = RelWithDebInfo|x64
		{E93D32ED-3ED3-3F5B-8D36-154E7D84380B}.RelWithDebInfo|x64.Build.0 = RelWithDebInfo|x64
		{1D267279-41E1-3770-93F6-E4ECDA2E0131}.Debug|x64.ActiveCfg = Debug|x64
		{1D267279-41E1-3770-93F6-E4ECDA2E0131}.Debug|x64.Build.0 = Debug|x64
		{1D267279-41E1-3770-93F6-E4ECDA2E0131}.Release|x64.ActiveCfg = Release|x64
		{1D267279-41E1-3770-93F6-E4ECDA2E0131}.Release|x64.Build.0 = Release|x64
		{1D267279-41E1-3770-93F6-E4ECDA2E0131}.MinSizeRel|x64.ActiveCfg = MinSizeRel|x64
		{1D267279-41E1-3770-93F6-E4ECDA2E0131}.MinSizeRel|x64.Build.0 = MinSizeRel|x64
		{1D267279-41E1-3770-93F6-E4ECDA2E0131}.RelWithDebInfo|x64.ActiveCfg = RelWithDebInfo|x64
		{1D267279-41E1-3770-93F6-E4ECDA2E0131}.RelWithDebInfo|x64.Build.0 = RelWithDebInfo|x64
	EndGlobalSection
	GlobalSection(ExtensibilityGlobals) = postSolution
		SolutionGuid = {652CE4AB-692E-357E-8A92-BD369C4EA8F3}
	EndGlobalSection
	GlobalSection(ExtensibilityAddIns) = postSolution
	EndGlobalSection
EndGlobal
