
Microsoft Visual Studio Solution File, Format Version 12.00
# Visual Studio Version 17
VisualStudioVersion = 17.4.33213.308
MinimumVisualStudioVersion = 10.0.40219.1
Project("{F184B08F-C81C-45F6-A57F-5ABD9991F28F}") = "OpenRGBWallpaperEngine", "OpenRGBWallpaperEngine.vbproj", "{455D13C7-43C3-49E6-8980-A07510F296F0}"
EndProject
Global
	GlobalSection(SolutionConfigurationPlatforms) = preSolution
		Debug|Any CPU = Debug|Any CPU
		Release|Any CPU = Release|Any CPU
	EndGlobalSection
	GlobalSection(ProjectConfigurationPlatforms) = postSolution
		{455D13C7-43C3-49E6-8980-A07510F296F0}.Debug|Any CPU.ActiveCfg = Debug|Any CPU
		{455D13C7-43C3-49E6-8980-A07510F296F0}.Debug|Any CPU.Build.0 = Debug|Any CPU
		{455D13C7-43C3-49E6-8980-A07510F296F0}.Release|Any CPU.ActiveCfg = Release|Any CPU
		{455D13C7-43C3-49E6-8980-A07510F296F0}.Release|Any CPU.Build.0 = Release|Any CPU
	EndGlobalSection
	GlobalSection(SolutionProperties) = preSolution
		HideSolutionNode = FALSE
	EndGlobalSection
	GlobalSection(ExtensibilityGlobals) = postSolution
		SolutionGuid = {1857D861-A0D3-48E6-94B2-94BA47AE2858}
	EndGlobalSection
EndGlobal
